
Microsoft Visual Studio Solution File, Format Version 11.00
# Visual Studio 2010
Project("{FAE04EC0-301F-11D3-BF4B-00C04F79EFBC}") = "MvcApplication2", "MvcApplication2\MvcApplication2.csproj", "{4FD6E509-3E31-4D83-BB11-0D0E6794144A}"
EndProject
Project("{FAE04EC0-301F-11D3-BF4B-00C04F79EFBC}") = "MvcApplication2.Tests", "MvcApplication2.Tests\MvcApplication2.Tests.csproj", "{65BFF6CC-6A71-43FA-8B6A-CF094E2E9965}"
EndProject
Global
	GlobalSection(SolutionConfigurationPlatforms) = preSolution
		Debug|Any CPU = Debug|Any CPU
		Release|Any CPU = Release|Any CPU
	EndGlobalSection
	GlobalSection(ProjectConfigurationPlatforms) = postSolution
		{4FD6E509-3E31-4D83-BB11-0D0E6794144A}.Debug|Any CPU.ActiveCfg = Debug|Any CPU
		{4FD6E509-3E31-4D83-BB11-0D0E6794144A}.Debug|Any CPU.Build.0 = Debug|Any CPU
		{4FD6E509-3E31-4D83-BB11-0D0E6794144A}.Release|Any CPU.ActiveCfg = Release|Any CPU
		{4FD6E509-3E31-4D83-BB11-0D0E6794144A}.Release|Any CPU.Build.0 = Release|Any CPU
		{65BFF6CC-6A71-43FA-8B6A-CF094E2E9965}.Debug|Any CPU.ActiveCfg = Debug|Any CPU
		{65BFF6CC-6A71-43FA-8B6A-CF094E2E9965}.Debug|Any CPU.Build.0 = Debug|Any CPU
		{65BFF6CC-6A71-43FA-8B6A-CF094E2E9965}.Release|Any CPU.ActiveCfg = Release|Any CPU
		{65BFF6CC-6A71-43FA-8B6A-CF094E2E9965}.Release|Any CPU.Build.0 = Release|Any CPU
	EndGlobalSection
	GlobalSection(SolutionProperties) = preSolution
		HideSolutionNode = FALSE
	EndGlobalSection
EndGlobal
