
Microsoft Visual Studio Solution File, Format Version 11.00
# Visual Studio 2010
Project("{FAE04EC0-301F-11D3-BF4B-00C04F79EFBC}") = "WCFAuth", "WCFAuth\WCFAuth.csproj", "{CF1520F0-B41C-4489-B436-AF0D1DCE83C3}"
EndProject
Global
	GlobalSection(SolutionConfigurationPlatforms) = preSolution
		Debug|Any CPU = Debug|Any CPU
		Release|Any CPU = Release|Any CPU
	EndGlobalSection
	GlobalSection(ProjectConfigurationPlatforms) = postSolution
		{CF1520F0-B41C-4489-B436-AF0D1DCE83C3}.Debug|Any CPU.ActiveCfg = Debug|Any CPU
		{CF1520F0-B41C-4489-B436-AF0D1DCE83C3}.Debug|Any CPU.Build.0 = Debug|Any CPU
		{CF1520F0-B41C-4489-B436-AF0D1DCE83C3}.Release|Any CPU.ActiveCfg = Release|Any CPU
		{CF1520F0-B41C-4489-B436-AF0D1DCE83C3}.Release|Any CPU.Build.0 = Release|Any CPU
	EndGlobalSection
	GlobalSection(SolutionProperties) = preSolution
		HideSolutionNode = FALSE
	EndGlobalSection
EndGlobal
